
Microsoft Visual Studio Solution File, Format Version 12.00
# Visual Studio Version 17
VisualStudioVersion = 17.2.32630.192
MinimumVisualStudioVersion = 10.0.40219.1
Project("{FAE04EC0-301F-11D3-BF4B-00C04F79EFBC}") = "LoginPanelTask2", "LoginPanelTask2\LoginPanelTask2.csproj", "{2B3F3AA5-5B19-4069-9366-801D0E42210D}"
EndProject
Global
	GlobalSection(SolutionConfigurationPlatforms) = preSolution
		Debug|Any CPU = Debug|Any CPU
		Release|Any CPU = Release|Any CPU
	EndGlobalSection
	GlobalSection(ProjectConfigurationPlatforms) = postSolution
		{2B3F3AA5-5B19-4069-9366-801D0E42210D}.Debug|Any CPU.ActiveCfg = Debug|Any CPU
		{2B3F3AA5-5B19-4069-9366-801D0E42210D}.Debug|Any CPU.Build.0 = Debug|Any CPU
		{2B3F3AA5-5B19-4069-9366-801D0E42210D}.Release|Any CPU.ActiveCfg = Release|Any CPU
		{2B3F3AA5-5B19-4069-9366-801D0E42210D}.Release|Any CPU.Build.0 = Release|Any CPU
	EndGlobalSection
	GlobalSection(SolutionProperties) = preSolution
		HideSolutionNode = FALSE
	EndGlobalSection
	GlobalSection(ExtensibilityGlobals) = postSolution
		SolutionGuid = {D69858C1-EB99-4F7D-92BF-D6E98FDC3AFF}
	EndGlobalSection
EndGlobal
